
Microsoft Visual Studio Solution File, Format Version 12.00
# Visual Studio Version 17
VisualStudioVersion = 17.2.32616.157
MinimumVisualStudioVersion = 10.0.40219.1
Project("{FAE04EC0-301F-11D3-BF4B-00C04F79EFBC}") = "ProjetoAula05", "ProjetoAula05\ProjetoAula05.csproj", "{E048BB69-68DA-483C-B192-3A1308BC59C0}"
EndProject
Global
	GlobalSection(SolutionConfigurationPlatforms) = preSolution
		Debug|Any CPU = Debug|Any CPU
		Release|Any CPU = Release|Any CPU
	EndGlobalSection
	GlobalSection(ProjectConfigurationPlatforms) = postSolution
		{E048BB69-68DA-483C-B192-3A1308BC59C0}.Debug|Any CPU.ActiveCfg = Debug|Any CPU
		{E048BB69-68DA-483C-B192-3A1308BC59C0}.Debug|Any CPU.Build.0 = Debug|Any CPU
		{E048BB69-68DA-483C-B192-3A1308BC59C0}.Release|Any CPU.ActiveCfg = Release|Any CPU
		{E048BB69-68DA-483C-B192-3A1308BC59C0}.Release|Any CPU.Build.0 = Release|Any CPU
	EndGlobalSection
	GlobalSection(SolutionProperties) = preSolution
		HideSolutionNode = FALSE
	EndGlobalSection
	GlobalSection(ExtensibilityGlobals) = postSolution
		SolutionGuid = {B89AD702-49EF-48D1-9EF5-192F42DA6CC1}
	EndGlobalSection
EndGlobal
